
Microsoft Visual Studio Solution File, Format Version 12.00
# Visual Studio Version 17
VisualStudioVersion = 17.1.32210.238
MinimumVisualStudioVersion = 10.0.40219.1
Project("{FAE04EC0-301F-11D3-BF4B-00C04F79EFBC}") = "EngsVirkeri", "EngsVirkeri.csproj", "{DD9DADB4-A2BF-474E-93BC-B704350DFC57}"
EndProject
Global
	GlobalSection(SolutionConfigurationPlatforms) = preSolution
		Debug|Any CPU = Debug|Any CPU
		Release|Any CPU = Release|Any CPU
	EndGlobalSection
	GlobalSection(ProjectConfigurationPlatforms) = postSolution
		{DD9DADB4-A2BF-474E-93BC-B704350DFC57}.Debug|Any CPU.ActiveCfg = Debug|Any CPU
		{DD9DADB4-A2BF-474E-93BC-B704350DFC57}.Debug|Any CPU.Build.0 = Debug|Any CPU
		{DD9DADB4-A2BF-474E-93BC-B704350DFC57}.Release|Any CPU.ActiveCfg = Release|Any CPU
		{DD9DADB4-A2BF-474E-93BC-B704350DFC57}.Release|Any CPU.Build.0 = Release|Any CPU
	EndGlobalSection
	GlobalSection(SolutionProperties) = preSolution
		HideSolutionNode = FALSE
	EndGlobalSection
	GlobalSection(ExtensibilityGlobals) = postSolution
		SolutionGuid = {2B7551FC-37A0-4F5D-AC95-B88BFBC515BF}
	EndGlobalSection
EndGlobal
